
Microsoft Visual Studio Solution File, Format Version 12.00
# Visual Studio Version 17
VisualStudioVersion = 17.9.34723.18
MinimumVisualStudioVersion = 10.0.40219.1
Project("{FAE04EC0-301F-11D3-BF4B-00C04F79EFBC}") = "Week2", "Week2\Week2.csproj", "{AC057FBF-2EEA-480A-8503-1B8C0763EA3F}"
EndProject
Global
	GlobalSection(SolutionConfigurationPlatforms) = preSolution
		Debug|Any CPU = Debug|Any CPU
		Release|Any CPU = Release|Any CPU
	EndGlobalSection
	GlobalSection(ProjectConfigurationPlatforms) = postSolution
		{AC057FBF-2EEA-480A-8503-1B8C0763EA3F}.Debug|Any CPU.ActiveCfg = Debug|Any CPU
		{AC057FBF-2EEA-480A-8503-1B8C0763EA3F}.Debug|Any CPU.Build.0 = Debug|Any CPU
		{AC057FBF-2EEA-480A-8503-1B8C0763EA3F}.Release|Any CPU.ActiveCfg = Release|Any CPU
		{AC057FBF-2EEA-480A-8503-1B8C0763EA3F}.Release|Any CPU.Build.0 = Release|Any CPU
	EndGlobalSection
	GlobalSection(SolutionProperties) = preSolution
		HideSolutionNode = FALSE
	EndGlobalSection
	GlobalSection(ExtensibilityGlobals) = postSolution
		SolutionGuid = {F885755E-C7A7-4949-9244-23D8FBFB2E6C}
	EndGlobalSection
EndGlobal
